
Microsoft Visual Studio Solution File, Format Version 12.00
# Visual Studio Version 16
VisualStudioVersion = 16.0.31613.86
MinimumVisualStudioVersion = 10.0.40219.1
Project("{9A19103F-16F7-4668-BE54-9A1E7A4F7556}") = "QandA", "QandA.csproj", "{8F1F74CE-4859-44CE-9E37-2B651EE2D202}"
EndProject
Global
	GlobalSection(SolutionConfigurationPlatforms) = preSolution
		Debug|Any CPU = Debug|Any CPU
		Release|Any CPU = Release|Any CPU
	EndGlobalSection
	GlobalSection(ProjectConfigurationPlatforms) = postSolution
		{8F1F74CE-4859-44CE-9E37-2B651EE2D202}.Debug|Any CPU.ActiveCfg = Debug|Any CPU
		{8F1F74CE-4859-44CE-9E37-2B651EE2D202}.Debug|Any CPU.Build.0 = Debug|Any CPU
		{8F1F74CE-4859-44CE-9E37-2B651EE2D202}.Release|Any CPU.ActiveCfg = Release|Any CPU
		{8F1F74CE-4859-44CE-9E37-2B651EE2D202}.Release|Any CPU.Build.0 = Release|Any CPU
	EndGlobalSection
	GlobalSection(SolutionProperties) = preSolution
		HideSolutionNode = FALSE
	EndGlobalSection
	GlobalSection(ExtensibilityGlobals) = postSolution
		SolutionGuid = {52E37338-D0FE-4214-A451-CC95B5E2157F}
	EndGlobalSection
EndGlobal
